{
  "name": "webwin",
  "version": "1.0.0",
  "lockfileVersion": 3,
  "requires": true,
  "packages": {
    "": {
      "name": "webwin",
      "version": "1.0.0",
      "license": "MIT",
      "devDependencies": {
        "electron": "^37.2.0",
        "electron-builder": "^26.0.12"
      }
    }
  }
}
